
Microsoft Visual Studio Solution File, Format Version 12.00
# Visual Studio Version 17
VisualStudioVersion = 17.7.34031.279
MinimumVisualStudioVersion = 10.0.40219.1
Project("{9A19103F-16F7-4668-BE54-9A1E7A4F7556}") = "SophaTemp", "SophaTemp\SophaTemp.csproj", "{093460CB-D55E-411A-8C09-A9EEAB2C5F77}"
EndProject
Project("{FAE04EC0-301F-11D3-BF4B-00C04F79EFBC}") = "WinFormsApp1", "WinFormsApp1\WinFormsApp1.csproj", "{580129AE-F62B-4747-887E-3C1B34A24CF7}"
EndProject
Global
	GlobalSection(SolutionConfigurationPlatforms) = preSolution
		Debug|Any CPU = Debug|Any CPU
		Release|Any CPU = Release|Any CPU
	EndGlobalSection
	GlobalSection(ProjectConfigurationPlatforms) = postSolution
		{093460CB-D55E-411A-8C09-A9EEAB2C5F77}.Debug|Any CPU.ActiveCfg = Debug|Any CPU
		{093460CB-D55E-411A-8C09-A9EEAB2C5F77}.Debug|Any CPU.Build.0 = Debug|Any CPU
		{093460CB-D55E-411A-8C09-A9EEAB2C5F77}.Release|Any CPU.ActiveCfg = Release|Any CPU
		{093460CB-D55E-411A-8C09-A9EEAB2C5F77}.Release|Any CPU.Build.0 = Release|Any CPU
		{580129AE-F62B-4747-887E-3C1B34A24CF7}.Debug|Any CPU.ActiveCfg = Debug|Any CPU
		{580129AE-F62B-4747-887E-3C1B34A24CF7}.Debug|Any CPU.Build.0 = Debug|Any CPU
		{580129AE-F62B-4747-887E-3C1B34A24CF7}.Release|Any CPU.ActiveCfg = Release|Any CPU
		{580129AE-F62B-4747-887E-3C1B34A24CF7}.Release|Any CPU.Build.0 = Release|Any CPU
	EndGlobalSection
	GlobalSection(SolutionProperties) = preSolution
		HideSolutionNode = FALSE
	EndGlobalSection
	GlobalSection(ExtensibilityGlobals) = postSolution
		SolutionGuid = {3B317455-6C7F-4CEB-B537-0F2C60121B79}
	EndGlobalSection
EndGlobal
